
Microsoft Visual Studio Solution File, Format Version 12.00
# Visual Studio Version 16
VisualStudioVersion = 16.0.30223.230
MinimumVisualStudioVersion = 10.0.40219.1
Project("{FAE04EC0-301F-11D3-BF4B-00C04F79EFBC}") = "ModelSwapper", "ModelSwapper\ModelSwapper.csproj", "{849FCD63-EB98-40FD-BAE9-65971609857A}"
EndProject
Global
	GlobalSection(SolutionConfigurationPlatforms) = preSolution
		Debug|Any CPU = Debug|Any CPU
		Release|Any CPU = Release|Any CPU
	EndGlobalSection
	GlobalSection(ProjectConfigurationPlatforms) = postSolution
		{849FCD63-EB98-40FD-BAE9-65971609857A}.Debug|Any CPU.ActiveCfg = Debug|Any CPU
		{849FCD63-EB98-40FD-BAE9-65971609857A}.Debug|Any CPU.Build.0 = Debug|Any CPU
		{849FCD63-EB98-40FD-BAE9-65971609857A}.Release|Any CPU.ActiveCfg = Release|Any CPU
		{849FCD63-EB98-40FD-BAE9-65971609857A}.Release|Any CPU.Build.0 = Release|Any CPU
	EndGlobalSection
	GlobalSection(SolutionProperties) = preSolution
		HideSolutionNode = FALSE
	EndGlobalSection
	GlobalSection(ExtensibilityGlobals) = postSolution
		SolutionGuid = {23D2830D-E0FA-4F86-95A5-958ACF48FD03}
	EndGlobalSection
EndGlobal
